// !$*UTF8*$!
{
	archiveVersion = 1;
	classes = {
	};
	objectVersion = 46;
	objects = {

/* Begin PBXBuildFile section */
		550078F21BE05BEE00CFD781 /* UIBarButtonItem+Extension.m in Sources */ = {isa = PBXBuildFile; fileRef = 550078F11BE05BEE00CFD781 /* UIBarButtonItem+Extension.m */; };
		550079001BE0616B00CFD781 /* Foundation+Log.m in Sources */ = {isa = PBXBuildFile; fileRef = 550078F31BE0616B00CFD781 /* Foundation+Log.m */; };
		5506B9911BE0E37000299633 /* UIView+Extension.m in Sources */ = {isa = PBXBuildFile; fileRef = 5506B9901BE0E37000299633 /* UIView+Extension.m */; };
		5506B9A11BE0F60800299633 /* SMMissionViewController.m in Sources */ = {isa = PBXBuildFile; fileRef = 5506B9A01BE0F60800299633 /* SMMissionViewController.m */; };
		5506B9A41BE0F61400299633 /* SMShopViewController.m in Sources */ = {isa = PBXBuildFile; fileRef = 5506B9A31BE0F61400299633 /* SMShopViewController.m */; };
		5506B9A71BE0F63300299633 /* SMInviteViewController.m in Sources */ = {isa = PBXBuildFile; fileRef = 5506B9A61BE0F63300299633 /* SMInviteViewController.m */; };
		5506B9AA1BE0F65300299633 /* SMScanViewController.m in Sources */ = {isa = PBXBuildFile; fileRef = 5506B9A91BE0F65300299633 /* SMScanViewController.m */; };
		5506B9B01BE0F67800299633 /* SMSettingViewController.m in Sources */ = {isa = PBXBuildFile; fileRef = 5506B9AF1BE0F67800299633 /* SMSettingViewController.m */; };
		550D98FE1BE20FDB003EA39A /* SMRecomendCell.m in Sources */ = {isa = PBXBuildFile; fileRef = 550D98FD1BE20FDB003EA39A /* SMRecomendCell.m */; };
		550D99021BE217F7003EA39A /* SMRecomendCell.xib in Resources */ = {isa = PBXBuildFile; fileRef = 550D99011BE217F7003EA39A /* SMRecomendCell.xib */; };
		552066A31BE1EAD30083A3F0 /* SMForumViewController.m in Sources */ = {isa = PBXBuildFile; fileRef = 552066A01BE1EAD30083A3F0 /* SMForumViewController.m */; };
		5533D76A1BE06D8D0005D0E3 /* SMHomeNavViewController.m in Sources */ = {isa = PBXBuildFile; fileRef = 5533D7691BE06D8D0005D0E3 /* SMHomeNavViewController.m */; };
		553DEC7B1BE0BD3E0084C789 /* SMLeftView.m in Sources */ = {isa = PBXBuildFile; fileRef = 553DEC7A1BE0BD3E0084C789 /* SMLeftView.m */; };
		553DEC7D1BE0BD5A0084C789 /* SMLeftView.xib in Resources */ = {isa = PBXBuildFile; fileRef = 553DEC7C1BE0BD5A0084C789 /* SMLeftView.xib */; };
		557AFD591BE1CF9900E97235 /* SMItemCell.m in Sources */ = {isa = PBXBuildFile; fileRef = 557AFD581BE1CF9900E97235 /* SMItemCell.m */; };
		557AFD5C1BE1CFC100E97235 /* SMItem.m in Sources */ = {isa = PBXBuildFile; fileRef = 557AFD5B1BE1CFC100E97235 /* SMItem.m */; };
		557AFD5F1BE1D17500E97235 /* SMNormalCell.m in Sources */ = {isa = PBXBuildFile; fileRef = 557AFD5E1BE1D17500E97235 /* SMNormalCell.m */; };
		557AFD621BE1D18500E97235 /* SMSwitchCell.m in Sources */ = {isa = PBXBuildFile; fileRef = 557AFD611BE1D18500E97235 /* SMSwitchCell.m */; };
		557AFD651BE1D19100E97235 /* SMLabelCell.m in Sources */ = {isa = PBXBuildFile; fileRef = 557AFD641BE1D19100E97235 /* SMLabelCell.m */; };
		557AFD681BE1D24600E97235 /* SMNormalItem.m in Sources */ = {isa = PBXBuildFile; fileRef = 557AFD671BE1D24600E97235 /* SMNormalItem.m */; };
		557AFD6E1BE1D25C00E97235 /* SMLabelItem.m in Sources */ = {isa = PBXBuildFile; fileRef = 557AFD6D1BE1D25C00E97235 /* SMLabelItem.m */; };
		557AFD711BE1D2F200E97235 /* SMSwitchItem.m in Sources */ = {isa = PBXBuildFile; fileRef = 557AFD701BE1D2F200E97235 /* SMSwitchItem.m */; };
		55CAA24A1BE04FB30057A058 /* SMHomeViewController.m in Sources */ = {isa = PBXBuildFile; fileRef = 55CAA22F1BE04FB30057A058 /* SMHomeViewController.m */; };
		55CAA24B1BE04FB30057A058 /* SMLeftMenuViewController.m in Sources */ = {isa = PBXBuildFile; fileRef = 55CAA2351BE04FB30057A058 /* SMLeftMenuViewController.m */; };
		55CAA25D1BE051F60057A058 /* AppDelegate.m in Sources */ = {isa = PBXBuildFile; fileRef = 55CAA2551BE051F60057A058 /* AppDelegate.m */; };
		55CAA25E1BE051F60057A058 /* Assets.xcassets in Resources */ = {isa = PBXBuildFile; fileRef = 55CAA2561BE051F60057A058 /* Assets.xcassets */; };
		55CAA25F1BE051F60057A058 /* LaunchScreen.storyboard in Resources */ = {isa = PBXBuildFile; fileRef = 55CAA2571BE051F60057A058 /* LaunchScreen.storyboard */; };
		55CAA2601BE051F60057A058 /* Main.storyboard in Resources */ = {isa = PBXBuildFile; fileRef = 55CAA2591BE051F60057A058 /* Main.storyboard */; };
		55CAA2611BE051F60057A058 /* Info.plist in Resources */ = {isa = PBXBuildFile; fileRef = 55CAA25B1BE051F60057A058 /* Info.plist */; };
		55CAA2621BE051F60057A058 /* main.m in Sources */ = {isa = PBXBuildFile; fileRef = 55CAA25C1BE051F60057A058 /* main.m */; };
		55D41F6F1BE1143E00CF9DF0 /* SMLeftNavController.m in Sources */ = {isa = PBXBuildFile; fileRef = 55D41F6E1BE1143E00CF9DF0 /* SMLeftNavController.m */; };
		55D41F721BE1151100CF9DF0 /* MMExampleDrawerVisualStateManager.m in Sources */ = {isa = PBXBuildFile; fileRef = 55D41F711BE1151100CF9DF0 /* MMExampleDrawerVisualStateManager.m */; };
		55D41F7E1BE12BE100CF9DF0 /* SMAccountManaController.m in Sources */ = {isa = PBXBuildFile; fileRef = 55D41F7D1BE12BE100CF9DF0 /* SMAccountManaController.m */; };
		55D41F811BE12C0700CF9DF0 /* SMChangePwdController.m in Sources */ = {isa = PBXBuildFile; fileRef = 55D41F801BE12C0700CF9DF0 /* SMChangePwdController.m */; };
		55D41F841BE12C1700CF9DF0 /* SMChatSettingController.m in Sources */ = {isa = PBXBuildFile; fileRef = 55D41F831BE12C1700CF9DF0 /* SMChatSettingController.m */; };
		55D41F871BE12C3500CF9DF0 /* SMAboutUsController.m in Sources */ = {isa = PBXBuildFile; fileRef = 55D41F861BE12C3500CF9DF0 /* SMAboutUsController.m */; };
		55D41F901BE1313400CF9DF0 /* SMSettingGroup.m in Sources */ = {isa = PBXBuildFile; fileRef = 55D41F8F1BE1313400CF9DF0 /* SMSettingGroup.m */; };
		55F3C3561BDFB08E00836D4D /* NGATests.m in Sources */ = {isa = PBXBuildFile; fileRef = 55F3C3551BDFB08E00836D4D /* NGATests.m */; };
		55F3C3611BDFB08E00836D4D /* NGAUITests.m in Sources */ = {isa = PBXBuildFile; fileRef = 55F3C3601BDFB08E00836D4D /* NGAUITests.m */; };
		55F3C36F1BDFB0E300836D4D /* Podfile in Resources */ = {isa = PBXBuildFile; fileRef = 55F3C36E1BDFB0E300836D4D /* Podfile */; };
		99424186F3240FF10E9C3A45 /* libPods.a in Frameworks */ = {isa = PBXBuildFile; fileRef = C41D7224923F7D16D0E09EDD /* libPods.a */; };
/* End PBXBuildFile section */

/* Begin PBXContainerItemProxy section */
		55F3C3521BDFB08E00836D4D /* PBXContainerItemProxy */ = {
			isa = PBXContainerItemProxy;
			containerPortal = 55F3C3301BDFB08E00836D4D /* Project object */;
			proxyType = 1;
			remoteGlobalIDString = 55F3C3371BDFB08E00836D4D;
			remoteInfo = NGA;
		};
		55F3C35D1BDFB08E00836D4D /* PBXContainerItemProxy */ = {
			isa = PBXContainerItemProxy;
			containerPortal = 55F3C3301BDFB08E00836D4D /* Project object */;
			proxyType = 1;
			remoteGlobalIDString = 55F3C3371BDFB08E00836D4D;
			remoteInfo = NGA;
		};
/* End PBXContainerItemProxy section */

/* Begin PBXFileReference section */
		550078F01BE05BEE00CFD781 /* UIBarButtonItem+Extension.h */ = {isa = PBXFileReference; fileEncoding = 4; lastKnownFileType = sourcecode.c.h; path = "UIBarButtonItem+Extension.h"; sourceTree = "<group>"; };
		550078F11BE05BEE00CFD781 /* UIBarButtonItem+Extension.m */ = {isa = PBXFileReference; fileEncoding = 4; lastKnownFileType = sourcecode.c.objc; path = "UIBarButtonItem+Extension.m"; sourceTree = "<group>"; };
		550078F31BE0616B00CFD781 /* Foundation+Log.m */ = {isa = PBXFileReference; fileEncoding = 4; lastKnownFileType = sourcecode.c.objc; path = "Foundation+Log.m"; sourceTree = "<group>"; };
		5506B98F1BE0E37000299633 /* UIView+Extension.h */ = {isa = PBXFileReference; fileEncoding = 4; lastKnownFileType = sourcecode.c.h; path = "UIView+Extension.h"; sourceTree = "<group>"; };
		5506B9901BE0E37000299633 /* UIView+Extension.m */ = {isa = PBXFileReference; fileEncoding = 4; lastKnownFileType = sourcecode.c.objc; path = "UIView+Extension.m"; sourceTree = "<group>"; };
		5506B9981BE0F0E900299633 /* PrefixHeader.pch */ = {isa = PBXFileReference; lastKnownFileType = sourcecode.c.h; path = PrefixHeader.pch; sourceTree = "<group>"; };
		5506B99F1BE0F60800299633 /* SMMissionViewController.h */ = {isa = PBXFileReference; fileEncoding = 4; lastKnownFileType = sourcecode.c.h; name = SMMissionViewController.h; path = ../../Controllers/SMMissionViewController.h; sourceTree = "<group>"; };
		5506B9A01BE0F60800299633 /* SMMissionViewController.m */ = {isa = PBXFileReference; fileEncoding = 4; lastKnownFileType = sourcecode.c.objc; name = SMMissionViewController.m; path = ../../Controllers/SMMissionViewController.m; sourceTree = "<group>"; };
		5506B9A21BE0F61400299633 /* SMShopViewController.h */ = {isa = PBXFileReference; fileEncoding = 4; lastKnownFileType = sourcecode.c.h; name = SMShopViewController.h; path = ../../Controllers/SMShopViewController.h; sourceTree = "<group>"; };
		5506B9A31BE0F61400299633 /* SMShopViewController.m */ = {isa = PBXFileReference; fileEncoding = 4; lastKnownFileType = sourcecode.c.objc; name = SMShopViewController.m; path = ../../Controllers/SMShopViewController.m; sourceTree = "<group>"; };
		5506B9A51BE0F63300299633 /* SMInviteViewController.h */ = {isa = PBXFileReference; fileEncoding = 4; lastKnownFileType = sourcecode.c.h; name = SMInviteViewController.h; path = ../../Controllers/SMInviteViewController.h; sourceTree = "<group>"; };
		5506B9A61BE0F63300299633 /* SMInviteViewController.m */ = {isa = PBXFileReference; fileEncoding = 4; lastKnownFileType = sourcecode.c.objc; name = SMInviteViewController.m; path = ../../Controllers/SMInviteViewController.m; sourceTree = "<group>"; };
		5506B9A81BE0F65300299633 /* SMScanViewController.h */ = {isa = PBXFileReference; fileEncoding = 4; lastKnownFileType = sourcecode.c.h; name = SMScanViewController.h; path = ../Controllers/SMScanViewController.h; sourceTree = "<group>"; };
		5506B9A91BE0F65300299633 /* SMScanViewController.m */ = {isa = PBXFileReference; fileEncoding = 4; lastKnownFileType = sourcecode.c.objc; name = SMScanViewController.m; path = ../Controllers/SMScanViewController.m; sourceTree = "<group>"; };
		5506B9AE1BE0F67800299633 /* SMSettingViewController.h */ = {isa = PBXFileReference; fileEncoding = 4; lastKnownFileType = sourcecode.c.h; name = SMSettingViewController.h; path = ../../Controllers/SMSettingViewController.h; sourceTree = "<group>"; };
		5506B9AF1BE0F67800299633 /* SMSettingViewController.m */ = {isa = PBXFileReference; fileEncoding = 4; lastKnownFileType = sourcecode.c.objc; name = SMSettingViewController.m; path = ../../Controllers/SMSettingViewController.m; sourceTree = "<group>"; };
		550D98FC1BE20FDB003EA39A /* SMRecomendCell.h */ = {isa = PBXFileReference; fileEncoding = 4; lastKnownFileType = sourcecode.c.h; path = SMRecomendCell.h; sourceTree = "<group>"; };
		550D98FD1BE20FDB003EA39A /* SMRecomendCell.m */ = {isa = PBXFileReference; fileEncoding = 4; lastKnownFileType = sourcecode.c.objc; path = SMRecomendCell.m; sourceTree = "<group>"; };
		550D99011BE217F7003EA39A /* SMRecomendCell.xib */ = {isa = PBXFileReference; fileEncoding = 4; lastKnownFileType = file.xib; path = SMRecomendCell.xib; sourceTree = "<group>"; };
		5520669F1BE1EAD30083A3F0 /* SMForumViewController.h */ = {isa = PBXFileReference; fileEncoding = 4; lastKnownFileType = sourcecode.c.h; path = SMForumViewController.h; sourceTree = "<group>"; };
		552066A01BE1EAD30083A3F0 /* SMForumViewController.m */ = {isa = PBXFileReference; fileEncoding = 4; lastKnownFileType = sourcecode.c.objc; path = SMForumViewController.m; sourceTree = "<group>"; };
		5533D7681BE06D8D0005D0E3 /* SMHomeNavViewController.h */ = {isa = PBXFileReference; fileEncoding = 4; lastKnownFileType = sourcecode.c.h; path = SMHomeNavViewController.h; sourceTree = "<group>"; };
		5533D7691BE06D8D0005D0E3 /* SMHomeNavViewController.m */ = {isa = PBXFileReference; fileEncoding = 4; lastKnownFileType = sourcecode.c.objc; path = SMHomeNavViewController.m; sourceTree = "<group>"; };
		553DEC791BE0BD3E0084C789 /* SMLeftView.h */ = {isa = PBXFileReference; fileEncoding = 4; lastKnownFileType = sourcecode.c.h; path = SMLeftView.h; sourceTree = "<group>"; };
		553DEC7A1BE0BD3E0084C789 /* SMLeftView.m */ = {isa = PBXFileReference; fileEncoding = 4; lastKnownFileType = sourcecode.c.objc; path = SMLeftView.m; sourceTree = "<group>"; };
		553DEC7C1BE0BD5A0084C789 /* SMLeftView.xib */ = {isa = PBXFileReference; fileEncoding = 4; lastKnownFileType = file.xib; path = SMLeftView.xib; sourceTree = "<group>"; };
		557AFD571BE1CF9900E97235 /* SMItemCell.h */ = {isa = PBXFileReference; fileEncoding = 4; lastKnownFileType = sourcecode.c.h; path = SMItemCell.h; sourceTree = "<group>"; };
		557AFD581BE1CF9900E97235 /* SMItemCell.m */ = {isa = PBXFileReference; fileEncoding = 4; lastKnownFileType = sourcecode.c.objc; path = SMItemCell.m; sourceTree = "<group>"; };
		557AFD5A1BE1CFC100E97235 /* SMItem.h */ = {isa = PBXFileReference; fileEncoding = 4; lastKnownFileType = sourcecode.c.h; path = SMItem.h; sourceTree = "<group>"; };
		557AFD5B1BE1CFC100E97235 /* SMItem.m */ = {isa = PBXFileReference; fileEncoding = 4; lastKnownFileType = sourcecode.c.objc; path = SMItem.m; sourceTree = "<group>"; };
		557AFD5D1BE1D17500E97235 /* SMNormalCell.h */ = {isa = PBXFileReference; fileEncoding = 4; lastKnownFileType = sourcecode.c.h; path = SMNormalCell.h; sourceTree = "<group>"; };
		557AFD5E1BE1D17500E97235 /* SMNormalCell.m */ = {isa = PBXFileReference; fileEncoding = 4; lastKnownFileType = sourcecode.c.objc; path = SMNormalCell.m; sourceTree = "<group>"; };
		557AFD601BE1D18500E97235 /* SMSwitchCell.h */ = {isa = PBXFileReference; fileEncoding = 4; lastKnownFileType = sourcecode.c.h; path = SMSwitchCell.h; sourceTree = "<group>"; };
		557AFD611BE1D18500E97235 /* SMSwitchCell.m */ = {isa = PBXFileReference; fileEncoding = 4; lastKnownFileType = sourcecode.c.objc; path = SMSwitchCell.m; sourceTree = "<group>"; };
		557AFD631BE1D19100E97235 /* SMLabelCell.h */ = {isa = PBXFileReference; fileEncoding = 4; lastKnownFileType = sourcecode.c.h; path = SMLabelCell.h; sourceTree = "<group>"; };
		557AFD641BE1D19100E97235 /* SMLabelCell.m */ = {isa = PBXFileReference; fileEncoding = 4; lastKnownFileType = sourcecode.c.objc; path = SMLabelCell.m; sourceTree = "<group>"; };
		557AFD661BE1D24600E97235 /* SMNormalItem.h */ = {isa = PBXFileReference; fileEncoding = 4; lastKnownFileType = sourcecode.c.h; path = SMNormalItem.h; sourceTree = "<group>"; };
		557AFD671BE1D24600E97235 /* SMNormalItem.m */ = {isa = PBXFileReference; fileEncoding = 4; lastKnownFileType = sourcecode.c.objc; path = SMNormalItem.m; sourceTree = "<group>"; };
		557AFD6C1BE1D25C00E97235 /* SMLabelItem.h */ = {isa = PBXFileReference; fileEncoding = 4; lastKnownFileType = sourcecode.c.h; path = SMLabelItem.h; sourceTree = "<group>"; };
		557AFD6D1BE1D25C00E97235 /* SMLabelItem.m */ = {isa = PBXFileReference; fileEncoding = 4; lastKnownFileType = sourcecode.c.objc; path = SMLabelItem.m; sourceTree = "<group>"; };
		557AFD6F1BE1D2F200E97235 /* SMSwitchItem.h */ = {isa = PBXFileReference; fileEncoding = 4; lastKnownFileType = sourcecode.c.h; path = SMSwitchItem.h; sourceTree = "<group>"; };
		557AFD701BE1D2F200E97235 /* SMSwitchItem.m */ = {isa = PBXFileReference; fileEncoding = 4; lastKnownFileType = sourcecode.c.objc; path = SMSwitchItem.m; sourceTree = "<group>"; };
		55CAA22E1BE04FB30057A058 /* SMHomeViewController.h */ = {isa = PBXFileReference; fileEncoding = 4; lastKnownFileType = sourcecode.c.h; name = SMHomeViewController.h; path = ../SMHomeViewController.h; sourceTree = "<group>"; };
		55CAA22F1BE04FB30057A058 /* SMHomeViewController.m */ = {isa = PBXFileReference; fileEncoding = 4; lastKnownFileType = sourcecode.c.objc; name = SMHomeViewController.m; path = ../SMHomeViewController.m; sourceTree = "<group>"; };
		55CAA2341BE04FB30057A058 /* SMLeftMenuViewController.h */ = {isa = PBXFileReference; fileEncoding = 4; lastKnownFileType = sourcecode.c.h; name = SMLeftMenuViewController.h; path = ../SMLeftMenuViewController.h; sourceTree = "<group>"; };
		55CAA2351BE04FB30057A058 /* SMLeftMenuViewController.m */ = {isa = PBXFileReference; fileEncoding = 4; lastKnownFileType = sourcecode.c.objc; name = SMLeftMenuViewController.m; path = ../SMLeftMenuViewController.m; sourceTree = "<group>"; };
		55CAA2541BE051F60057A058 /* AppDelegate.h */ = {isa = PBXFileReference; fileEncoding = 4; lastKnownFileType = sourcecode.c.h; path = AppDelegate.h; sourceTree = "<group>"; };
		55CAA2551BE051F60057A058 /* AppDelegate.m */ = {isa = PBXFileReference; fileEncoding = 4; lastKnownFileType = sourcecode.c.objc; path = AppDelegate.m; sourceTree = "<group>"; };
		55CAA2561BE051F60057A058 /* Assets.xcassets */ = {isa = PBXFileReference; lastKnownFileType = folder.assetcatalog; path = Assets.xcassets; sourceTree = "<group>"; };
		55CAA2581BE051F60057A058 /* Base */ = {isa = PBXFileReference; lastKnownFileType = file.storyboard; name = Base; path = Base.lproj/LaunchScreen.storyboard; sourceTree = "<group>"; };
		55CAA25A1BE051F60057A058 /* Base */ = {isa = PBXFileReference; lastKnownFileType = file.storyboard; name = Base; path = Base.lproj/Main.storyboard; sourceTree = "<group>"; };
		55CAA25B1BE051F60057A058 /* Info.plist */ = {isa = PBXFileReference; fileEncoding = 4; lastKnownFileType = text.plist.xml; path = Info.plist; sourceTree = "<group>"; };
		55CAA25C1BE051F60057A058 /* main.m */ = {isa = PBXFileReference; fileEncoding = 4; lastKnownFileType = sourcecode.c.objc; path = main.m; sourceTree = "<group>"; };
		55D41F6D1BE1143E00CF9DF0 /* SMLeftNavController.h */ = {isa = PBXFileReference; fileEncoding = 4; lastKnownFileType = sourcecode.c.h; path = SMLeftNavController.h; sourceTree = "<group>"; };
		55D41F6E1BE1143E00CF9DF0 /* SMLeftNavController.m */ = {isa = PBXFileReference; fileEncoding = 4; lastKnownFileType = sourcecode.c.objc; path = SMLeftNavController.m; sourceTree = "<group>"; };
		55D41F701BE1151100CF9DF0 /* MMExampleDrawerVisualStateManager.h */ = {isa = PBXFileReference; fileEncoding = 4; lastKnownFileType = sourcecode.c.h; path = MMExampleDrawerVisualStateManager.h; sourceTree = "<group>"; };
		55D41F711BE1151100CF9DF0 /* MMExampleDrawerVisualStateManager.m */ = {isa = PBXFileReference; fileEncoding = 4; lastKnownFileType = sourcecode.c.objc; path = MMExampleDrawerVisualStateManager.m; sourceTree = "<group>"; };
		55D41F7C1BE12BE100CF9DF0 /* SMAccountManaController.h */ = {isa = PBXFileReference; fileEncoding = 4; lastKnownFileType = sourcecode.c.h; path = SMAccountManaController.h; sourceTree = "<group>"; };
		55D41F7D1BE12BE100CF9DF0 /* SMAccountManaController.m */ = {isa = PBXFileReference; fileEncoding = 4; lastKnownFileType = sourcecode.c.objc; path = SMAccountManaController.m; sourceTree = "<group>"; };
		55D41F7F1BE12C0700CF9DF0 /* SMChangePwdController.h */ = {isa = PBXFileReference; fileEncoding = 4; lastKnownFileType = sourcecode.c.h; path = SMChangePwdController.h; sourceTree = "<group>"; };
		55D41F801BE12C0700CF9DF0 /* SMChangePwdController.m */ = {isa = PBXFileReference; fileEncoding = 4; lastKnownFileType = sourcecode.c.objc; path = SMChangePwdController.m; sourceTree = "<group>"; };
		55D41F821BE12C1700CF9DF0 /* SMChatSettingController.h */ = {isa = PBXFileReference; fileEncoding = 4; lastKnownFileType = sourcecode.c.h; path = SMChatSettingController.h; sourceTree = "<group>"; };
		55D41F831BE12C1700CF9DF0 /* SMChatSettingController.m */ = {isa = PBXFileReference; fileEncoding = 4; lastKnownFileType = sourcecode.c.objc; path = SMChatSettingController.m; sourceTree = "<group>"; };
		55D41F851BE12C3500CF9DF0 /* SMAboutUsController.h */ = {isa = PBXFileReference; fileEncoding = 4; lastKnownFileType = sourcecode.c.h; path = SMAboutUsController.h; sourceTree = "<group>"; };
		55D41F861BE12C3500CF9DF0 /* SMAboutUsController.m */ = {isa = PBXFileReference; fileEncoding = 4; lastKnownFileType = sourcecode.c.objc; path = SMAboutUsController.m; sourceTree = "<group>"; };
		55D41F8E1BE1313400CF9DF0 /* SMSettingGroup.h */ = {isa = PBXFileReference; fileEncoding = 4; lastKnownFileType = sourcecode.c.h; path = SMSettingGroup.h; sourceTree = "<group>"; };
		55D41F8F1BE1313400CF9DF0 /* SMSettingGroup.m */ = {isa = PBXFileReference; fileEncoding = 4; lastKnownFileType = sourcecode.c.objc; path = SMSettingGroup.m; sourceTree = "<group>"; };
		55F3C3381BDFB08E00836D4D /* NGA.app */ = {isa = PBXFileReference; explicitFileType = wrapper.application; includeInIndex = 0; path = NGA.app; sourceTree = BUILT_PRODUCTS_DIR; };
		55F3C3511BDFB08E00836D4D /* NGATests.xctest */ = {isa = PBXFileReference; explicitFileType = wrapper.cfbundle; includeInIndex = 0; path = NGATests.xctest; sourceTree = BUILT_PRODUCTS_DIR; };
		55F3C3551BDFB08E00836D4D /* NGATests.m */ = {isa = PBXFileReference; lastKnownFileType = sourcecode.c.objc; path = NGATests.m; sourceTree = "<group>"; };
		55F3C3571BDFB08E00836D4D /* Info.plist */ = {isa = PBXFileReference; lastKnownFileType = text.plist.xml; path = Info.plist; sourceTree = "<group>"; };
		55F3C35C1BDFB08E00836D4D /* NGAUITests.xctest */ = {isa = PBXFileReference; explicitFileType = wrapper.cfbundle; includeInIndex = 0; path = NGAUITests.xctest; sourceTree = BUILT_PRODUCTS_DIR; };
		55F3C3601BDFB08E00836D4D /* NGAUITests.m */ = {isa = PBXFileReference; lastKnownFileType = sourcecode.c.objc; path = NGAUITests.m; sourceTree = "<group>"; };
		55F3C3621BDFB08E00836D4D /* Info.plist */ = {isa = PBXFileReference; lastKnownFileType = text.plist.xml; path = Info.plist; sourceTree = "<group>"; };
		55F3C36E1BDFB0E300836D4D /* Podfile */ = {isa = PBXFileReference; fileEncoding = 4; lastKnownFileType = text; path = Podfile; sourceTree = "<group>"; xcLanguageSpecificationIdentifier = xcode.lang.ruby; };
		605CC697B9725859877C17CF /* Pods.release.xcconfig */ = {isa = PBXFileReference; includeInIndex = 1; lastKnownFileType = text.xcconfig; name = Pods.release.xcconfig; path = "Pods/Target Support Files/Pods/Pods.release.xcconfig"; sourceTree = "<group>"; };
		763871C3794F5F566589C5E9 /* Pods.debug.xcconfig */ = {isa = PBXFileReference; includeInIndex = 1; lastKnownFileType = text.xcconfig; name = Pods.debug.xcconfig; path = "Pods/Target Support Files/Pods/Pods.debug.xcconfig"; sourceTree = "<group>"; };
		C41D7224923F7D16D0E09EDD /* libPods.a */ = {isa = PBXFileReference; explicitFileType = archive.ar; includeInIndex = 0; path = libPods.a; sourceTree = BUILT_PRODUCTS_DIR; };
/* End PBXFileReference section */

/* Begin PBXFrameworksBuildPhase section */
		55F3C3351BDFB08E00836D4D /* Frameworks */ = {
			isa = PBXFrameworksBuildPhase;
			buildActionMask = 2147483647;
			files = (
				99424186F3240FF10E9C3A45 /* libPods.a in Frameworks */,
			);
			runOnlyForDeploymentPostprocessing = 0;
		};
		55F3C34E1BDFB08E00836D4D /* Frameworks */ = {
			isa = PBXFrameworksBuildPhase;
			buildActionMask = 2147483647;
			files = (
			);
			runOnlyForDeploymentPostprocessing = 0;
		};
		55F3C3591BDFB08E00836D4D /* Frameworks */ = {
			isa = PBXFrameworksBuildPhase;
			buildActionMask = 2147483647;
			files = (
			);
			runOnlyForDeploymentPostprocessing = 0;
		};
/* End PBXFrameworksBuildPhase section */

/* Begin PBXGroup section */
		2A14646CB5A7527B53C4F924 /* Frameworks */ = {
			isa = PBXGroup;
			children = (
				C41D7224923F7D16D0E09EDD /* libPods.a */,
			);
			name = Frameworks;
			sourceTree = "<group>";
		};
		550078EF1BE05BEE00CFD781 /* Catagory */ = {
			isa = PBXGroup;
			children = (
				55D41F701BE1151100CF9DF0 /* MMExampleDrawerVisualStateManager.h */,
				55D41F711BE1151100CF9DF0 /* MMExampleDrawerVisualStateManager.m */,
				550078F31BE0616B00CFD781 /* Foundation+Log.m */,
				550078F01BE05BEE00CFD781 /* UIBarButtonItem+Extension.h */,
				550078F11BE05BEE00CFD781 /* UIBarButtonItem+Extension.m */,
				5506B98F1BE0E37000299633 /* UIView+Extension.h */,
				5506B9901BE0E37000299633 /* UIView+Extension.m */,
			);
			path = Catagory;
			sourceTree = "<group>";
		};
		552066871BE1E9AE0083A3F0 /* AboutUs */ = {
			isa = PBXGroup;
			children = (
				552066A51BE1EB520083A3F0 /* View */,
				552066A41BE1EB480083A3F0 /* Controller */,
			);
			name = AboutUs;
			path = ../Controllers;
			sourceTree = "<group>";
		};
		552066891BE1EA870083A3F0 /* invite(组队) */ = {
			isa = PBXGroup;
			children = (
				5520668A1BE1EA870083A3F0 /* Controller */,
				5520668B1BE1EA870083A3F0 /* Model */,
				5520668C1BE1EA870083A3F0 /* View */,
			);
			path = "invite(组队)";
			sourceTree = "<group>";
		};
		5520668A1BE1EA870083A3F0 /* Controller */ = {
			isa = PBXGroup;
			children = (
				5506B9A51BE0F63300299633 /* SMInviteViewController.h */,
				5506B9A61BE0F63300299633 /* SMInviteViewController.m */,
			);
			path = Controller;
			sourceTree = "<group>";
		};
		5520668B1BE1EA870083A3F0 /* Model */ = {
			isa = PBXGroup;
			children = (
			);
			path = Model;
			sourceTree = "<group>";
		};
		5520668C1BE1EA870083A3F0 /* View */ = {
			isa = PBXGroup;
			children = (
			);
			path = View;
			sourceTree = "<group>";
		};
		5520668D1BE1EA870083A3F0 /* mission(任务) */ = {
			isa = PBXGroup;
			children = (
				5520668E1BE1EA870083A3F0 /* Controller */,
				5520668F1BE1EA870083A3F0 /* Model */,
				552066901BE1EA870083A3F0 /* View */,
			);
			path = "mission(任务)";
			sourceTree = "<group>";
		};
		5520668E1BE1EA870083A3F0 /* Controller */ = {
			isa = PBXGroup;
			children = (
				5506B99F1BE0F60800299633 /* SMMissionViewController.h */,
				5506B9A01BE0F60800299633 /* SMMissionViewController.m */,
			);
			path = Controller;
			sourceTree = "<group>";
		};
		5520668F1BE1EA870083A3F0 /* Model */ = {
			isa = PBXGroup;
			children = (
			);
			path = Model;
			sourceTree = "<group>";
		};
		552066901BE1EA870083A3F0 /* View */ = {
			isa = PBXGroup;
			children = (
			);
			path = View;
			sourceTree = "<group>";
		};
		552066911BE1EA870083A3F0 /* scan(扫码) */ = {
			isa = PBXGroup;
			children = (
				5506B9A81BE0F65300299633 /* SMScanViewController.h */,
				5506B9A91BE0F65300299633 /* SMScanViewController.m */,
				552066921BE1EA870083A3F0 /* Controller */,
				552066931BE1EA870083A3F0 /* Model */,
				552066941BE1EA870083A3F0 /* View */,
			);
			path = "scan(扫码)";
			sourceTree = "<group>";
		};
		552066921BE1EA870083A3F0 /* Controller */ = {
			isa = PBXGroup;
			children = (
			);
			path = Controller;
			sourceTree = "<group>";
		};
		552066931BE1EA870083A3F0 /* Model */ = {
			isa = PBXGroup;
			children = (
			);
			path = Model;
			sourceTree = "<group>";
		};
		552066941BE1EA870083A3F0 /* View */ = {
			isa = PBXGroup;
			children = (
			);
			path = View;
			sourceTree = "<group>";
		};
		552066951BE1EA870083A3F0 /* settings(设置) */ = {
			isa = PBXGroup;
			children = (
				552066871BE1E9AE0083A3F0 /* AboutUs */,
				552066961BE1EA870083A3F0 /* Controller */,
				552066971BE1EA870083A3F0 /* Model */,
				552066981BE1EA870083A3F0 /* View */,
			);
			path = "settings(设置)";
			sourceTree = "<group>";
		};
		552066961BE1EA870083A3F0 /* Controller */ = {
			isa = PBXGroup;
			children = (
				5506B9AE1BE0F67800299633 /* SMSettingViewController.h */,
				5506B9AF1BE0F67800299633 /* SMSettingViewController.m */,
			);
			path = Controller;
			sourceTree = "<group>";
		};
		552066971BE1EA870083A3F0 /* Model */ = {
			isa = PBXGroup;
			children = (
			);
			path = Model;
			sourceTree = "<group>";
		};
		552066981BE1EA870083A3F0 /* View */ = {
			isa = PBXGroup;
			children = (
			);
			path = View;
			sourceTree = "<group>";
		};
		552066991BE1EA870083A3F0 /* shop(商店) */ = {
			isa = PBXGroup;
			children = (
				5520669A1BE1EA870083A3F0 /* Controller */,
				5520669B1BE1EA870083A3F0 /* Model */,
				5520669C1BE1EA870083A3F0 /* View */,
			);
			path = "shop(商店)";
			sourceTree = "<group>";
		};
		5520669A1BE1EA870083A3F0 /* Controller */ = {
			isa = PBXGroup;
			children = (
				5506B9A21BE0F61400299633 /* SMShopViewController.h */,
				5506B9A31BE0F61400299633 /* SMShopViewController.m */,
			);
			path = Controller;
			sourceTree = "<group>";
		};
		5520669B1BE1EA870083A3F0 /* Model */ = {
			isa = PBXGroup;
			children = (
			);
			path = Model;
			sourceTree = "<group>";
		};
		5520669C1BE1EA870083A3F0 /* View */ = {
			isa = PBXGroup;
			children = (
			);
			path = View;
			sourceTree = "<group>";
		};
		5520669D1BE1EAD30083A3F0 /* BBS(论坛)  */ = {
			isa = PBXGroup;
			children = (
				5520669E1BE1EAD30083A3F0 /* Controllers */,
				552066A11BE1EAD30083A3F0 /* Model */,
				552066A21BE1EAD30083A3F0 /* View */,
			);
			path = "BBS(论坛) ";
			sourceTree = "<group>";
		};
		5520669E1BE1EAD30083A3F0 /* Controllers */ = {
			isa = PBXGroup;
			children = (
				5520669F1BE1EAD30083A3F0 /* SMForumViewController.h */,
				552066A01BE1EAD30083A3F0 /* SMForumViewController.m */,
			);
			path = Controllers;
			sourceTree = "<group>";
		};
		552066A11BE1EAD30083A3F0 /* Model */ = {
			isa = PBXGroup;
			children = (
			);
			path = Model;
			sourceTree = "<group>";
		};
		552066A21BE1EAD30083A3F0 /* View */ = {
			isa = PBXGroup;
			children = (
			);
			path = View;
			sourceTree = "<group>";
		};
		552066A41BE1EB480083A3F0 /* Controller */ = {
			isa = PBXGroup;
			children = (
				55D41F851BE12C3500CF9DF0 /* SMAboutUsController.h */,
				55D41F861BE12C3500CF9DF0 /* SMAboutUsController.m */,
			);
			name = Controller;
			sourceTree = "<group>";
		};
		552066A51BE1EB520083A3F0 /* View */ = {
			isa = PBXGroup;
			children = (
			);
			name = View;
			sourceTree = "<group>";
		};
		55CAA2261BE04FB30057A058 /* Classes */ = {
			isa = PBXGroup;
			children = (
				55CAA2631BE052070057A058 /* Main(主要) */,
				55CAA2531BE051F60057A058 /* Other(其他) */,
				55CAA22B1BE04FB30057A058 /* Home(首页) */,
				55CAA2311BE04FB30057A058 /* leftMenu(左侧菜单) */,
				55CAA2461BE04FB30057A058 /* Search(搜索) */,
			);
			path = Classes;
			sourceTree = "<group>";
		};
		55CAA22B1BE04FB30057A058 /* Home(首页) */ = {
			isa = PBXGroup;
			children = (
				55CAA22C1BE04FB30057A058 /* Controllers */,
				55CAA22D1BE04FB30057A058 /* Model */,
				55CAA2301BE04FB30057A058 /* View */,
			);
			path = "Home(首页)";
			sourceTree = "<group>";
		};
		55CAA22C1BE04FB30057A058 /* Controllers */ = {
			isa = PBXGroup;
			children = (
				55CAA22E1BE04FB30057A058 /* SMHomeViewController.h */,
				55CAA22F1BE04FB30057A058 /* SMHomeViewController.m */,
				5533D7681BE06D8D0005D0E3 /* SMHomeNavViewController.h */,
				5533D7691BE06D8D0005D0E3 /* SMHomeNavViewController.m */,
			);
			path = Controllers;
			sourceTree = "<group>";
		};
		55CAA22D1BE04FB30057A058 /* Model */ = {
			isa = PBXGroup;
			children = (
			);
			path = Model;
			sourceTree = "<group>";
		};
		55CAA2301BE04FB30057A058 /* View */ = {
			isa = PBXGroup;
			children = (
				550D98FC1BE20FDB003EA39A /* SMRecomendCell.h */,
				550D98FD1BE20FDB003EA39A /* SMRecomendCell.m */,
				550D99011BE217F7003EA39A /* SMRecomendCell.xib */,
			);
			path = View;
			sourceTree = "<group>";
		};
		55CAA2311BE04FB30057A058 /* leftMenu(左侧菜单) */ = {
			isa = PBXGroup;
			children = (
				5520669D1BE1EAD30083A3F0 /* BBS(论坛)  */,
				552066891BE1EA870083A3F0 /* invite(组队) */,
				5520668D1BE1EA870083A3F0 /* mission(任务) */,
				552066911BE1EA870083A3F0 /* scan(扫码) */,
				552066951BE1EA870083A3F0 /* settings(设置) */,
				552066991BE1EA870083A3F0 /* shop(商店) */,
				55CAA2321BE04FB30057A058 /* Controllers */,
				55CAA2331BE04FB30057A058 /* Model */,
				55CAA2371BE04FB30057A058 /* View */,
			);
			path = "leftMenu(左侧菜单)";
			sourceTree = "<group>";
		};
		55CAA2321BE04FB30057A058 /* Controllers */ = {
			isa = PBXGroup;
			children = (
				55CAA2341BE04FB30057A058 /* SMLeftMenuViewController.h */,
				55CAA2351BE04FB30057A058 /* SMLeftMenuViewController.m */,
				55D41F6D1BE1143E00CF9DF0 /* SMLeftNavController.h */,
				55D41F6E1BE1143E00CF9DF0 /* SMLeftNavController.m */,
				55D41F7C1BE12BE100CF9DF0 /* SMAccountManaController.h */,
				55D41F7D1BE12BE100CF9DF0 /* SMAccountManaController.m */,
				55D41F7F1BE12C0700CF9DF0 /* SMChangePwdController.h */,
				55D41F801BE12C0700CF9DF0 /* SMChangePwdController.m */,
				55D41F821BE12C1700CF9DF0 /* SMChatSettingController.h */,
				55D41F831BE12C1700CF9DF0 /* SMChatSettingController.m */,
			);
			path = Controllers;
			sourceTree = "<group>";
		};
		55CAA2331BE04FB30057A058 /* Model */ = {
			isa = PBXGroup;
			children = (
				55D41F8E1BE1313400CF9DF0 /* SMSettingGroup.h */,
				55D41F8F1BE1313400CF9DF0 /* SMSettingGroup.m */,
				557AFD5A1BE1CFC100E97235 /* SMItem.h */,
				557AFD5B1BE1CFC100E97235 /* SMItem.m */,
				557AFD661BE1D24600E97235 /* SMNormalItem.h */,
				557AFD671BE1D24600E97235 /* SMNormalItem.m */,
				557AFD6C1BE1D25C00E97235 /* SMLabelItem.h */,
				557AFD6D1BE1D25C00E97235 /* SMLabelItem.m */,
				557AFD6F1BE1D2F200E97235 /* SMSwitchItem.h */,
				557AFD701BE1D2F200E97235 /* SMSwitchItem.m */,
			);
			path = Model;
			sourceTree = "<group>";
		};
		55CAA2371BE04FB30057A058 /* View */ = {
			isa = PBXGroup;
			children = (
				553DEC791BE0BD3E0084C789 /* SMLeftView.h */,
				553DEC7A1BE0BD3E0084C789 /* SMLeftView.m */,
				553DEC7C1BE0BD5A0084C789 /* SMLeftView.xib */,
				557AFD571BE1CF9900E97235 /* SMItemCell.h */,
				557AFD581BE1CF9900E97235 /* SMItemCell.m */,
				557AFD5D1BE1D17500E97235 /* SMNormalCell.h */,
				557AFD5E1BE1D17500E97235 /* SMNormalCell.m */,
				557AFD601BE1D18500E97235 /* SMSwitchCell.h */,
				557AFD611BE1D18500E97235 /* SMSwitchCell.m */,
				557AFD631BE1D19100E97235 /* SMLabelCell.h */,
				557AFD641BE1D19100E97235 /* SMLabelCell.m */,
			);
			path = View;
			sourceTree = "<group>";
		};
		55CAA2461BE04FB30057A058 /* Search(搜索) */ = {
			isa = PBXGroup;
			children = (
				55CAA2471BE04FB30057A058 /* Controllers */,
				55CAA2481BE04FB30057A058 /* Model */,
				55CAA2491BE04FB30057A058 /* View */,
			);
			path = "Search(搜索)";
			sourceTree = "<group>";
		};
		55CAA2471BE04FB30057A058 /* Controllers */ = {
			isa = PBXGroup;
			children = (
			);
			path = Controllers;
			sourceTree = "<group>";
		};
		55CAA2481BE04FB30057A058 /* Model */ = {
			isa = PBXGroup;
			children = (
			);
			path = Model;
			sourceTree = "<group>";
		};
		55CAA2491BE04FB30057A058 /* View */ = {
			isa = PBXGroup;
			children = (
			);
			path = View;
			sourceTree = "<group>";
		};
		55CAA2531BE051F60057A058 /* Other(其他) */ = {
			isa = PBXGroup;
			children = (
				55CAA2541BE051F60057A058 /* AppDelegate.h */,
				55CAA2551BE051F60057A058 /* AppDelegate.m */,
				55CAA2561BE051F60057A058 /* Assets.xcassets */,
				55CAA2571BE051F60057A058 /* LaunchScreen.storyboard */,
				55CAA2591BE051F60057A058 /* Main.storyboard */,
				55CAA25B1BE051F60057A058 /* Info.plist */,
				55CAA25C1BE051F60057A058 /* main.m */,
				5506B9981BE0F0E900299633 /* PrefixHeader.pch */,
			);
			path = "Other(其他)";
			sourceTree = "<group>";
		};
		55CAA2631BE052070057A058 /* Main(主要) */ = {
			isa = PBXGroup;
			children = (
				550078EF1BE05BEE00CFD781 /* Catagory */,
				55CAA2641BE052070057A058 /* Controllers */,
				55CAA2651BE052070057A058 /* Model */,
				55CAA2661BE052070057A058 /* View */,
			);
			path = "Main(主要)";
			sourceTree = "<group>";
		};
		55CAA2641BE052070057A058 /* Controllers */ = {
			isa = PBXGroup;
			children = (
			);
			path = Controllers;
			sourceTree = "<group>";
		};
		55CAA2651BE052070057A058 /* Model */ = {
			isa = PBXGroup;
			children = (
			);
			path = Model;
			sourceTree = "<group>";
		};
		55CAA2661BE052070057A058 /* View */ = {
			isa = PBXGroup;
			children = (
			);
			path = View;
			sourceTree = "<group>";
		};
		55F3C32F1BDFB08E00836D4D = {
			isa = PBXGroup;
			children = (
				55F3C36E1BDFB0E300836D4D /* Podfile */,
				55F3C33A1BDFB08E00836D4D /* NGA */,
				55F3C3541BDFB08E00836D4D /* NGATests */,
				55F3C35F1BDFB08E00836D4D /* NGAUITests */,
				55F3C3391BDFB08E00836D4D /* Products */,
				CDEB469CF6AF475BF3FE2424 /* Pods */,
				2A14646CB5A7527B53C4F924 /* Frameworks */,
			);
			sourceTree = "<group>";
		};
		55F3C3391BDFB08E00836D4D /* Products */ = {
			isa = PBXGroup;
			children = (
				55F3C3381BDFB08E00836D4D /* NGA.app */,
				55F3C3511BDFB08E00836D4D /* NGATests.xctest */,
				55F3C35C1BDFB08E00836D4D /* NGAUITests.xctest */,
			);
			name = Products;
			sourceTree = "<group>";
		};
		55F3C33A1BDFB08E00836D4D /* NGA */ = {
			isa = PBXGroup;
			children = (
				55CAA2261BE04FB30057A058 /* Classes */,
			);
			path = NGA;
			sourceTree = "<group>";
		};
		55F3C3541BDFB08E00836D4D /* NGATests */ = {
			isa = PBXGroup;
			children = (
				55F3C3551BDFB08E00836D4D /* NGATests.m */,
				55F3C3571BDFB08E00836D4D /* Info.plist */,
			);
			path = NGATests;
			sourceTree = "<group>";
		};
		55F3C35F1BDFB08E00836D4D /* NGAUITests */ = {
			isa = PBXGroup;
			children = (
				55F3C3601BDFB08E00836D4D /* NGAUITests.m */,
				55F3C3621BDFB08E00836D4D /* Info.plist */,
			);
			path = NGAUITests;
			sourceTree = "<group>";
		};
		CDEB469CF6AF475BF3FE2424 /* Pods */ = {
			isa = PBXGroup;
			children = (
				763871C3794F5F566589C5E9 /* Pods.debug.xcconfig */,
				605CC697B9725859877C17CF /* Pods.release.xcconfig */,
			);
			name = Pods;
			sourceTree = "<group>";
		};
/* End PBXGroup section */

/* Begin PBXNativeTarget section */
		55F3C3371BDFB08E00836D4D /* NGA */ = {
			isa = PBXNativeTarget;
			buildConfigurationList = 55F3C3651BDFB08E00836D4D /* Build configuration list for PBXNativeTarget "NGA" */;
			buildPhases = (
				D5F0746CE38EF6A65F329E39 /* Check Pods Manifest.lock */,
				55F3C3341BDFB08E00836D4D /* Sources */,
				55F3C3351BDFB08E00836D4D /* Frameworks */,
				55F3C3361BDFB08E00836D4D /* Resources */,
				61F935575953DE30162142CE /* Embed Pods Frameworks */,
				375E91BC9277E6970F29632A /* Copy Pods Resources */,
			);
			buildRules = (
			);
			dependencies = (
			);
			name = NGA;
			productName = NGA;
			productReference = 55F3C3381BDFB08E00836D4D /* NGA.app */;
			productType = "com.apple.product-type.application";
		};
		55F3C3501BDFB08E00836D4D /* NGATests */ = {
			isa = PBXNativeTarget;
			buildConfigurationList = 55F3C3681BDFB08E00836D4D /* Build configuration list for PBXNativeTarget "NGATests" */;
			buildPhases = (
				55F3C34D1BDFB08E00836D4D /* Sources */,
				55F3C34E1BDFB08E00836D4D /* Frameworks */,
				55F3C34F1BDFB08E00836D4D /* Resources */,
			);
			buildRules = (
			);
			dependencies = (
				55F3C3531BDFB08E00836D4D /* PBXTargetDependency */,
			);
			name = NGATests;
			productName = NGATests;
			productReference = 55F3C3511BDFB08E00836D4D /* NGATests.xctest */;
			productType = "com.apple.product-type.bundle.unit-test";
		};
		55F3C35B1BDFB08E00836D4D /* NGAUITests */ = {
			isa = PBXNativeTarget;
			buildConfigurationList = 55F3C36B1BDFB08E00836D4D /* Build configuration list for PBXNativeTarget "NGAUITests" */;
			buildPhases = (
				55F3C3581BDFB08E00836D4D /* Sources */,
				55F3C3591BDFB08E00836D4D /* Frameworks */,
				55F3C35A1BDFB08E00836D4D /* Resources */,
			);
			buildRules = (
			);
			dependencies = (
				55F3C35E1BDFB08E00836D4D /* PBXTargetDependency */,
			);
			name = NGAUITests;
			productName = NGAUITests;
			productReference = 55F3C35C1BDFB08E00836D4D /* NGAUITests.xctest */;
			productType = "com.apple.product-type.bundle.ui-testing";
		};
/* End PBXNativeTarget section */

/* Begin PBXProject section */
		55F3C3301BDFB08E00836D4D /* Project object */ = {
			isa = PBXProject;
			attributes = {
				CLASSPREFIX = SM;
				LastUpgradeCheck = 0710;
				ORGANIZATIONNAME = eorin;
				TargetAttributes = {
					55F3C3371BDFB08E00836D4D = {
						CreatedOnToolsVersion = 7.1;
						DevelopmentTeam = 8N7HGUU68E;
					};
					55F3C3501BDFB08E00836D4D = {
						CreatedOnToolsVersion = 7.1;
						DevelopmentTeam = 8N7HGUU68E;
						TestTargetID = 55F3C3371BDFB08E00836D4D;
					};
					55F3C35B1BDFB08E00836D4D = {
						CreatedOnToolsVersion = 7.1;
						DevelopmentTeam = 8N7HGUU68E;
						TestTargetID = 55F3C3371BDFB08E00836D4D;
					};
				};
			};
			buildConfigurationList = 55F3C3331BDFB08E00836D4D /* Build configuration list for PBXProject "NGA" */;
			compatibilityVersion = "Xcode 3.2";
			developmentRegion = English;
			hasScannedForEncodings = 0;
			knownRegions = (
				en,
				Base,
			);
			mainGroup = 55F3C32F1BDFB08E00836D4D;
			productRefGroup = 55F3C3391BDFB08E00836D4D /* Products */;
			projectDirPath = "";
			projectRoot = "";
			targets = (
				55F3C3371BDFB08E00836D4D /* NGA */,
				55F3C3501BDFB08E00836D4D /* NGATests */,
				55F3C35B1BDFB08E00836D4D /* NGAUITests */,
			);
		};
/* End PBXProject section */

/* Begin PBXResourcesBuildPhase section */
		55F3C3361BDFB08E00836D4D /* Resources */ = {
			isa = PBXResourcesBuildPhase;
			buildActionMask = 2147483647;
			files = (
				55CAA2601BE051F60057A058 /* Main.storyboard in Resources */,
				55CAA2611BE051F60057A058 /* Info.plist in Resources */,
				553DEC7D1BE0BD5A0084C789 /* SMLeftView.xib in Resources */,
				55CAA25F1BE051F60057A058 /* LaunchScreen.storyboard in Resources */,
				550D99021BE217F7003EA39A /* SMRecomendCell.xib in Resources */,
				55CAA25E1BE051F60057A058 /* Assets.xcassets in Resources */,
				55F3C36F1BDFB0E300836D4D /* Podfile in Resources */,
			);
			runOnlyForDeploymentPostprocessing = 0;
		};
		55F3C34F1BDFB08E00836D4D /* Resources */ = {
			isa = PBXResourcesBuildPhase;
			buildActionMask = 2147483647;
			files = (
			);
			runOnlyForDeploymentPostprocessing = 0;
		};
		55F3C35A1BDFB08E00836D4D /* Resources */ = {
			isa = PBXResourcesBuildPhase;
			buildActionMask = 2147483647;
			files = (
			);
			runOnlyForDeploymentPostprocessing = 0;
		};
/* End PBXResourcesBuildPhase section */

/* Begin PBXShellScriptBuildPhase section */
		375E91BC9277E6970F29632A /* Copy Pods Resources */ = {
			isa = PBXShellScriptBuildPhase;
			buildActionMask = 2147483647;
			files = (
			);
			inputPaths = (
			);
			name = "Copy Pods Resources";
			outputPaths = (
			);
			runOnlyForDeploymentPostprocessing = 0;
			shellPath = /bin/sh;
			shellScript = "\"${SRCROOT}/Pods/Target Support Files/Pods/Pods-resources.sh\"\n";
			showEnvVarsInLog = 0;
		};
		61F935575953DE30162142CE /* Embed Pods Frameworks */ = {
			isa = PBXShellScriptBuildPhase;
			buildActionMask = 2147483647;
			files = (
			);
			inputPaths = (
			);
			name = "Embed Pods Frameworks";
			outputPaths = (
			);
			runOnlyForDeploymentPostprocessing = 0;
			shellPath = /bin/sh;
			shellScript = "\"${SRCROOT}/Pods/Target Support Files/Pods/Pods-frameworks.sh\"\n";
			showEnvVarsInLog = 0;
		};
		D5F0746CE38EF6A65F329E39 /* Check Pods Manifest.lock */ = {
			isa = PBXShellScriptBuildPhase;
			buildActionMask = 2147483647;
			files = (
			);
			inputPaths = (
			);
			name = "Check Pods Manifest.lock";
			outputPaths = (
			);
			runOnlyForDeploymentPostprocessing = 0;
			shellPath = /bin/sh;
			shellScript = "diff \"${PODS_ROOT}/../Podfile.lock\" \"${PODS_ROOT}/Manifest.lock\" > /dev/null\nif [[ $? != 0 ]] ; then\n    cat << EOM\nerror: The sandbox is not in sync with the Podfile.lock. Run 'pod install' or update your CocoaPods installation.\nEOM\n    exit 1\nfi\n";
			showEnvVarsInLog = 0;
		};
/* End PBXShellScriptBuildPhase section */

/* Begin PBXSourcesBuildPhase section */
		55F3C3341BDFB08E00836D4D /* Sources */ = {
			isa = PBXSourcesBuildPhase;
			buildActionMask = 2147483647;
			files = (
				5506B9A11BE0F60800299633 /* SMMissionViewController.m in Sources */,
				5506B9911BE0E37000299633 /* UIView+Extension.m in Sources */,
				55CAA24B1BE04FB30057A058 /* SMLeftMenuViewController.m in Sources */,
				557AFD591BE1CF9900E97235 /* SMItemCell.m in Sources */,
				557AFD681BE1D24600E97235 /* SMNormalItem.m in Sources */,
				550078F21BE05BEE00CFD781 /* UIBarButtonItem+Extension.m in Sources */,
				5506B9AA1BE0F65300299633 /* SMScanViewController.m in Sources */,
				55CAA24A1BE04FB30057A058 /* SMHomeViewController.m in Sources */,
				55CAA2621BE051F60057A058 /* main.m in Sources */,
				55CAA25D1BE051F60057A058 /* AppDelegate.m in Sources */,
				552066A31BE1EAD30083A3F0 /* SMForumViewController.m in Sources */,
				5506B9A41BE0F61400299633 /* SMShopViewController.m in Sources */,
				550079001BE0616B00CFD781 /* Foundation+Log.m in Sources */,
				55D41F7E1BE12BE100CF9DF0 /* SMAccountManaController.m in Sources */,
				5533D76A1BE06D8D0005D0E3 /* SMHomeNavViewController.m in Sources */,
				557AFD711BE1D2F200E97235 /* SMSwitchItem.m in Sources */,
				55D41F811BE12C0700CF9DF0 /* SMChangePwdController.m in Sources */,
				55D41F721BE1151100CF9DF0 /* MMExampleDrawerVisualStateManager.m in Sources */,
				553DEC7B1BE0BD3E0084C789 /* SMLeftView.m in Sources */,
				5506B9A71BE0F63300299633 /* SMInviteViewController.m in Sources */,
				5506B9B01BE0F67800299633 /* SMSettingViewController.m in Sources */,
				55D41F901BE1313400CF9DF0 /* SMSettingGroup.m in Sources */,
				557AFD5C1BE1CFC100E97235 /* SMItem.m in Sources */,
				55D41F6F1BE1143E00CF9DF0 /* SMLeftNavController.m in Sources */,
				557AFD621BE1D18500E97235 /* SMSwitchCell.m in Sources */,
				55D41F841BE12C1700CF9DF0 /* SMChatSettingController.m in Sources */,
				557AFD6E1BE1D25C00E97235 /* SMLabelItem.m in Sources */,
				557AFD5F1BE1D17500E97235 /* SMNormalCell.m in Sources */,
				557AFD651BE1D19100E97235 /* SMLabelCell.m in Sources */,
				55D41F871BE12C3500CF9DF0 /* SMAboutUsController.m in Sources */,
				550D98FE1BE20FDB003EA39A /* SMRecomendCell.m in Sources */,
			);
			runOnlyForDeploymentPostprocessing = 0;
		};
		55F3C34D1BDFB08E00836D4D /* Sources */ = {
			isa = PBXSourcesBuildPhase;
			buildActionMask = 2147483647;
			files = (
				55F3C3561BDFB08E00836D4D /* NGATests.m in Sources */,
			);
			runOnlyForDeploymentPostprocessing = 0;
		};
		55F3C3581BDFB08E00836D4D /* Sources */ = {
			isa = PBXSourcesBuildPhase;
			buildActionMask = 2147483647;
			files = (
				55F3C3611BDFB08E00836D4D /* NGAUITests.m in Sources */,
			);
			runOnlyForDeploymentPostprocessing = 0;
		};
/* End PBXSourcesBuildPhase section */

/* Begin PBXTargetDependency section */
		55F3C3531BDFB08E00836D4D /* PBXTargetDependency */ = {
			isa = PBXTargetDependency;
			target = 55F3C3371BDFB08E00836D4D /* NGA */;
			targetProxy = 55F3C3521BDFB08E00836D4D /* PBXContainerItemProxy */;
		};
		55F3C35E1BDFB08E00836D4D /* PBXTargetDependency */ = {
			isa = PBXTargetDependency;
			target = 55F3C3371BDFB08E00836D4D /* NGA */;
			targetProxy = 55F3C35D1BDFB08E00836D4D /* PBXContainerItemProxy */;
		};
/* End PBXTargetDependency section */

/* Begin PBXVariantGroup section */
		55CAA2571BE051F60057A058 /* LaunchScreen.storyboard */ = {
			isa = PBXVariantGroup;
			children = (
				55CAA2581BE051F60057A058 /* Base */,
			);
			name = LaunchScreen.storyboard;
			sourceTree = "<group>";
		};
		55CAA2591BE051F60057A058 /* Main.storyboard */ = {
			isa = PBXVariantGroup;
			children = (
				55CAA25A1BE051F60057A058 /* Base */,
			);
			name = Main.storyboard;
			sourceTree = "<group>";
		};
/* End PBXVariantGroup section */

/* Begin XCBuildConfiguration section */
		55F3C3631BDFB08E00836D4D /* Debug */ = {
			isa = XCBuildConfiguration;
			buildSettings = {
				ALWAYS_SEARCH_USER_PATHS = NO;
				CLANG_CXX_LANGUAGE_STANDARD = "gnu++0x";
				CLANG_CXX_LIBRARY = "libc++";
				CLANG_ENABLE_MODULES = YES;
				CLANG_ENABLE_OBJC_ARC = YES;
				CLANG_WARN_BOOL_CONVERSION = YES;
				CLANG_WARN_CONSTANT_CONVERSION = YES;
				CLANG_WARN_DIRECT_OBJC_ISA_USAGE = YES_ERROR;
				CLANG_WARN_EMPTY_BODY = YES;
				CLANG_WARN_ENUM_CONVERSION = YES;
				CLANG_WARN_INT_CONVERSION = YES;
				CLANG_WARN_OBJC_ROOT_CLASS = YES_ERROR;
				CLANG_WARN_UNREACHABLE_CODE = YES;
				CLANG_WARN__DUPLICATE_METHOD_MATCH = YES;
				"CODE_SIGN_IDENTITY[sdk=iphoneos*]" = "iPhone Developer";
				COPY_PHASE_STRIP = NO;
				DEBUG_INFORMATION_FORMAT = dwarf;
				ENABLE_STRICT_OBJC_MSGSEND = YES;
				ENABLE_TESTABILITY = YES;
				GCC_C_LANGUAGE_STANDARD = gnu99;
				GCC_DYNAMIC_NO_PIC = NO;
				GCC_NO_COMMON_BLOCKS = YES;
				GCC_OPTIMIZATION_LEVEL = 0;
				GCC_PREPROCESSOR_DEFINITIONS = (
					"DEBUG=1",
					"$(inherited)",
				);
				GCC_WARN_64_TO_32_BIT_CONVERSION = YES;
				GCC_WARN_ABOUT_RETURN_TYPE = YES_ERROR;
				GCC_WARN_UNDECLARED_SELECTOR = YES;
				GCC_WARN_UNINITIALIZED_AUTOS = YES_AGGRESSIVE;
				GCC_WARN_UNUSED_FUNCTION = YES;
				GCC_WARN_UNUSED_VARIABLE = YES;
				IPHONEOS_DEPLOYMENT_TARGET = 9.1;
				MTL_ENABLE_DEBUG_INFO = YES;
				ONLY_ACTIVE_ARCH = YES;
				SDKROOT = iphoneos;
			};
			name = Debug;
		};
		55F3C3641BDFB08E00836D4D /* Release */ = {
			isa = XCBuildConfiguration;
			buildSettings = {
				ALWAYS_SEARCH_USER_PATHS = NO;
				CLANG_CXX_LANGUAGE_STANDARD = "gnu++0x";
				CLANG_CXX_LIBRARY = "libc++";
				CLANG_ENABLE_MODULES = YES;
				CLANG_ENABLE_OBJC_ARC = YES;
				CLANG_WARN_BOOL_CONVERSION = YES;
				CLANG_WARN_CONSTANT_CONVERSION = YES;
				CLANG_WARN_DIRECT_OBJC_ISA_USAGE = YES_ERROR;
				CLANG_WARN_EMPTY_BODY = YES;
				CLANG_WARN_ENUM_CONVERSION = YES;
				CLANG_WARN_INT_CONVERSION = YES;
				CLANG_WARN_OBJC_ROOT_CLASS = YES_ERROR;
				CLANG_WARN_UNREACHABLE_CODE = YES;
				CLANG_WARN__DUPLICATE_METHOD_MATCH = YES;
				"CODE_SIGN_IDENTITY[sdk=iphoneos*]" = "iPhone Developer";
				COPY_PHASE_STRIP = NO;
				DEBUG_INFORMATION_FORMAT = "dwarf-with-dsym";
				ENABLE_NS_ASSERTIONS = NO;
				ENABLE_STRICT_OBJC_MSGSEND = YES;
				GCC_C_LANGUAGE_STANDARD = gnu99;
				GCC_NO_COMMON_BLOCKS = YES;
				GCC_WARN_64_TO_32_BIT_CONVERSION = YES;
				GCC_WARN_ABOUT_RETURN_TYPE = YES_ERROR;
				GCC_WARN_UNDECLARED_SELECTOR = YES;
				GCC_WARN_UNINITIALIZED_AUTOS = YES_AGGRESSIVE;
				GCC_WARN_UNUSED_FUNCTION = YES;
				GCC_WARN_UNUSED_VARIABLE = YES;
				IPHONEOS_DEPLOYMENT_TARGET = 9.1;
				MTL_ENABLE_DEBUG_INFO = NO;
				SDKROOT = iphoneos;
				VALIDATE_PRODUCT = YES;
			};
			name = Release;
		};
		55F3C3661BDFB08E00836D4D /* Debug */ = {
			isa = XCBuildConfiguration;
			baseConfigurationReference = 763871C3794F5F566589C5E9 /* Pods.debug.xcconfig */;
			buildSettings = {
				ASSETCATALOG_COMPILER_APPICON_NAME = AppIcon;
				ASSETCATALOG_COMPILER_LAUNCHIMAGE_NAME = LaunchImage;
				GCC_PRECOMPILE_PREFIX_HEADER = YES;
				GCC_PREFIX_HEADER = "NGA/Classes/Other(其他)/PrefixHeader.pch";
				HEADER_SEARCH_PATHS = (
					"$(inherited)",
					"\"${PODS_ROOT}/Headers/Public\"",
					"\"${PODS_ROOT}/Headers/Public/AFNetworking\"",
					"\"${PODS_ROOT}/Headers/Public/DACircularProgress\"",
					"\"${PODS_ROOT}/Headers/Public/JSQMessagesViewController\"",
					"\"${PODS_ROOT}/Headers/Public/JSQSystemSoundPlayer\"",
					"\"${PODS_ROOT}/Headers/Public/MBProgressHUD\"",
					"\"${PODS_ROOT}/Headers/Public/MJExtension\"",
					"\"${PODS_ROOT}/Headers/Public/MJRefresh\"",
					"\"${PODS_ROOT}/Headers/Public/MMDrawerController\"",
					"\"${PODS_ROOT}/Headers/Public/MWPhotoBrowser\"",
					"\"${PODS_ROOT}/Headers/Public/SDCycleScrollView\"",
					"\"${PODS_ROOT}/Headers/Public/SDWebImage\"",
					"\"${PODS_ROOT}/Headers/Public/ZYQAssetPickerController\"",
				);
				INFOPLIST_FILE = "$(SRCROOT)/NGA/Classes/Other(其他)/Info.plist";
				IPHONEOS_DEPLOYMENT_TARGET = 7.1;
				LD_RUNPATH_SEARCH_PATHS = "$(inherited) @executable_path/Frameworks";
				PRODUCT_BUNDLE_IDENTIFIER = com.eorin.NGA;
				PRODUCT_NAME = "$(TARGET_NAME)";
				USER_HEADER_SEARCH_PATHS = "$(PODS_ROOT)/**";
			};
			name = Debug;
		};
		55F3C3671BDFB08E00836D4D /* Release */ = {
			isa = XCBuildConfiguration;
			baseConfigurationReference = 605CC697B9725859877C17CF /* Pods.release.xcconfig */;
			buildSettings = {
				ASSETCATALOG_COMPILER_APPICON_NAME = AppIcon;
				ASSETCATALOG_COMPILER_LAUNCHIMAGE_NAME = LaunchImage;
				GCC_PRECOMPILE_PREFIX_HEADER = YES;
				GCC_PREFIX_HEADER = "NGA/Classes/Other(其他)/PrefixHeader.pch";
				HEADER_SEARCH_PATHS = (
					"$(inherited)",
					"\"${PODS_ROOT}/Headers/Public\"",
					"\"${PODS_ROOT}/Headers/Public/AFNetworking\"",
					"\"${PODS_ROOT}/Headers/Public/DACircularProgress\"",
					"\"${PODS_ROOT}/Headers/Public/JSQMessagesViewController\"",
					"\"${PODS_ROOT}/Headers/Public/JSQSystemSoundPlayer\"",
					"\"${PODS_ROOT}/Headers/Public/MBProgressHUD\"",
					"\"${PODS_ROOT}/Headers/Public/MJExtension\"",
					"\"${PODS_ROOT}/Headers/Public/MJRefresh\"",
					"\"${PODS_ROOT}/Headers/Public/MMDrawerController\"",
					"\"${PODS_ROOT}/Headers/Public/MWPhotoBrowser\"",
					"\"${PODS_ROOT}/Headers/Public/SDCycleScrollView\"",
					"\"${PODS_ROOT}/Headers/Public/SDWebImage\"",
					"\"${PODS_ROOT}/Headers/Public/ZYQAssetPickerController\"",
				);
				INFOPLIST_FILE = "$(SRCROOT)/NGA/Classes/Other(其他)/Info.plist";
				IPHONEOS_DEPLOYMENT_TARGET = 7.1;
				LD_RUNPATH_SEARCH_PATHS = "$(inherited) @executable_path/Frameworks";
				PRODUCT_BUNDLE_IDENTIFIER = com.eorin.NGA;
				PRODUCT_NAME = "$(TARGET_NAME)";
				USER_HEADER_SEARCH_PATHS = "$(PODS_ROOT)/**";
			};
			name = Release;
		};
		55F3C3691BDFB08E00836D4D /* Debug */ = {
			isa = XCBuildConfiguration;
			buildSettings = {
				BUNDLE_LOADER = "$(TEST_HOST)";
				INFOPLIST_FILE = NGATests/Info.plist;
				LD_RUNPATH_SEARCH_PATHS = "$(inherited) @executable_path/Frameworks @loader_path/Frameworks";
				PRODUCT_BUNDLE_IDENTIFIER = eorin.NGATests;
				PRODUCT_NAME = "$(TARGET_NAME)";
				TEST_HOST = "$(BUILT_PRODUCTS_DIR)/NGA.app/NGA";
			};
			name = Debug;
		};
		55F3C36A1BDFB08E00836D4D /* Release */ = {
			isa = XCBuildConfiguration;
			buildSettings = {
				BUNDLE_LOADER = "$(TEST_HOST)";
				INFOPLIST_FILE = NGATests/Info.plist;
				LD_RUNPATH_SEARCH_PATHS = "$(inherited) @executable_path/Frameworks @loader_path/Frameworks";
				PRODUCT_BUNDLE_IDENTIFIER = eorin.NGATests;
				PRODUCT_NAME = "$(TARGET_NAME)";
				TEST_HOST = "$(BUILT_PRODUCTS_DIR)/NGA.app/NGA";
			};
			name = Release;
		};
		55F3C36C1BDFB08E00836D4D /* Debug */ = {
			isa = XCBuildConfiguration;
			buildSettings = {
				INFOPLIST_FILE = NGAUITests/Info.plist;
				LD_RUNPATH_SEARCH_PATHS = "$(inherited) @executable_path/Frameworks @loader_path/Frameworks";
				PRODUCT_BUNDLE_IDENTIFIER = eorin.NGAUITests;
				PRODUCT_NAME = "$(TARGET_NAME)";
				TEST_TARGET_NAME = NGA;
				USES_XCTRUNNER = YES;
			};
			name = Debug;
		};
		55F3C36D1BDFB08E00836D4D /* Release */ = {
			isa = XCBuildConfiguration;
			buildSettings = {
				INFOPLIST_FILE = NGAUITests/Info.plist;
				LD_RUNPATH_SEARCH_PATHS = "$(inherited) @executable_path/Frameworks @loader_path/Frameworks";
				PRODUCT_BUNDLE_IDENTIFIER = eorin.NGAUITests;
				PRODUCT_NAME = "$(TARGET_NAME)";
				TEST_TARGET_NAME = NGA;
				USES_XCTRUNNER = YES;
			};
			name = Release;
		};
/* End XCBuildConfiguration section */

/* Begin XCConfigurationList section */
		55F3C3331BDFB08E00836D4D /* Build configuration list for PBXProject "NGA" */ = {
			isa = XCConfigurationList;
			buildConfigurations = (
				55F3C3631BDFB08E00836D4D /* Debug */,
				55F3C3641BDFB08E00836D4D /* Release */,
			);
			defaultConfigurationIsVisible = 0;
			defaultConfigurationName = Release;
		};
		55F3C3651BDFB08E00836D4D /* Build configuration list for PBXNativeTarget "NGA" */ = {
			isa = XCConfigurationList;
			buildConfigurations = (
				55F3C3661BDFB08E00836D4D /* Debug */,
				55F3C3671BDFB08E00836D4D /* Release */,
			);
			defaultConfigurationIsVisible = 0;
			defaultConfigurationName = Release;
		};
		55F3C3681BDFB08E00836D4D /* Build configuration list for PBXNativeTarget "NGATests" */ = {
			isa = XCConfigurationList;
			buildConfigurations = (
				55F3C3691BDFB08E00836D4D /* Debug */,
				55F3C36A1BDFB08E00836D4D /* Release */,
			);
			defaultConfigurationIsVisible = 0;
			defaultConfigurationName = Release;
		};
		55F3C36B1BDFB08E00836D4D /* Build configuration list for PBXNativeTarget "NGAUITests" */ = {
			isa = XCConfigurationList;
			buildConfigurations = (
				55F3C36C1BDFB08E00836D4D /* Debug */,
				55F3C36D1BDFB08E00836D4D /* Release */,
			);
			defaultConfigurationIsVisible = 0;
			defaultConfigurationName = Release;
		};
/* End XCConfigurationList section */
	};
	rootObject = 55F3C3301BDFB08E00836D4D /* Project object */;
}
